// !$*UTF8*$!
{
	archiveVersion = 1;
	classes = {
	};
	objectVersion = 46;
	objects = {

/* Begin PBXBuildFile section */
		C9D7B1841917AD2C00AB876E /* Foundation.framework in Frameworks */ = {isa = PBXBuildFile; fileRef = C9D7B1831917AD2C00AB876E /* Foundation.framework */; };
		C9D7B1871917AD2C00AB876E /* main.m in Sources */ = {isa = PBXBuildFile; fileRef = C9D7B1861917AD2C00AB876E /* main.m */; };
		C9D7B18B1917AD2C00AB876E /* IsEqualTest.1 in CopyFiles */ = {isa = PBXBuildFile; fileRef = C9D7B18A1917AD2C00AB876E /* IsEqualTest.1 */; };
		C9D7B1931917ADA700AB876E /* Car.m in Sources */ = {isa = PBXBuildFile; fileRef = C9D7B1921917ADA700AB876E /* Car.m */; };
/* End PBXBuildFile section */

/* Begin PBXCopyFilesBuildPhase section */
		C9D7B17E1917AD2C00AB876E /* CopyFiles */ = {
			isa = PBXCopyFilesBuildPhase;
			buildActionMask = 2147483647;
			dstPath = /usr/share/man/man1/;
			dstSubfolderSpec = 0;
			files = (
				C9D7B18B1917AD2C00AB876E /* IsEqualTest.1 in CopyFiles */,
			);
			runOnlyForDeploymentPostprocessing = 1;
		};
/* End PBXCopyFilesBuildPhase section */

/* Begin PBXFileReference section */
		C9D7B1801917AD2C00AB876E /* IsEqualTest */ = {isa = PBXFileReference; explicitFileType = "compiled.mach-o.executable"; includeInIndex = 0; path = IsEqualTest; sourceTree = BUILT_PRODUCTS_DIR; };
		C9D7B1831917AD2C00AB876E /* Foundation.framework */ = {isa = PBXFileReference; lastKnownFileType = wrapper.framework; name = Foundation.framework; path = System/Library/Frameworks/Foundation.framework; sourceTree = SDKROOT; };
		C9D7B1861917AD2C00AB876E /* main.m */ = {isa = PBXFileReference; lastKnownFileType = sourcecode.c.objc; path = main.m; sourceTree = "<group>"; };
		C9D7B1891917AD2C00AB876E /* IsEqualTest-Prefix.pch */ = {isa = PBXFileReference; lastKnownFileType = sourcecode.c.h; path = "IsEqualTest-Prefix.pch"; sourceTree = "<group>"; };
		C9D7B18A1917AD2C00AB876E /* IsEqualTest.1 */ = {isa = PBXFileReference; lastKnownFileType = text.man; path = IsEqualTest.1; sourceTree = "<group>"; };
		C9D7B1911917ADA700AB876E /* Car.h */ = {isa = PBXFileReference; fileEncoding = 4; lastKnownFileType = sourcecode.c.h; path = Car.h; sourceTree = "<group>"; };
		C9D7B1921917ADA700AB876E /* Car.m */ = {isa = PBXFileReference; fileEncoding = 4; lastKnownFileType = sourcecode.c.objc; path = Car.m; sourceTree = "<group>"; };
/* End PBXFileReference section */

/* Begin PBXFrameworksBuildPhase section */
		C9D7B17D1917AD2C00AB876E /* Frameworks */ = {
			isa = PBXFrameworksBuildPhase;
			buildActionMask = 2147483647;
			files = (
				C9D7B1841917AD2C00AB876E /* Foundation.framework in Frameworks */,
			);
			runOnlyForDeploymentPostprocessing = 0;
		};
/* End PBXFrameworksBuildPhase section */

/* Begin PBXGroup section */
		C9D7B1771917AD2C00AB876E = {
			isa = PBXGroup;
			children = (
				C9D7B1851917AD2C00AB876E /* IsEqualTest */,
				C9D7B1821917AD2C00AB876E /* Frameworks */,
				C9D7B1811917AD2C00AB876E /* Products */,
			);
			sourceTree = "<group>";
		};
		C9D7B1811917AD2C00AB876E /* Products */ = {
			isa = PBXGroup;
			children = (
				C9D7B1801917AD2C00AB876E /* IsEqualTest */,
			);
			name = Products;
			sourceTree = "<group>";
		};
		C9D7B1821917AD2C00AB876E /* Frameworks */ = {
			isa = PBXGroup;
			children = (
				C9D7B1831917AD2C00AB876E /* Foundation.framework */,
			);
			name = Frameworks;
			sourceTree = "<group>";
		};
		C9D7B1851917AD2C00AB876E /* IsEqualTest */ = {
			isa = PBXGroup;
			children = (
				C9D7B1861917AD2C00AB876E /* main.m */,
				C9D7B18A1917AD2C00AB876E /* IsEqualTest.1 */,
				C9D7B1881917AD2C00AB876E /* Supporting Files */,
				C9D7B1911917ADA700AB876E /* Car.h */,
				C9D7B1921917ADA700AB876E /* Car.m */,
			);
			path = IsEqualTest;
			sourceTree = "<group>";
		};
		C9D7B1881917AD2C00AB876E /* Supporting Files */ = {
			isa = PBXGroup;
			children = (
				C9D7B1891917AD2C00AB876E /* IsEqualTest-Prefix.pch */,
			);
			name = "Supporting Files";
			sourceTree = "<group>";
		};
/* End PBXGroup section */

/* Begin PBXNativeTarget section */
		C9D7B17F1917AD2C00AB876E /* IsEqualTest */ = {
			isa = PBXNativeTarget;
			buildConfigurationList = C9D7B18E1917AD2C00AB876E /* Build configuration list for PBXNativeTarget "IsEqualTest" */;
			buildPhases = (
				C9D7B17C1917AD2C00AB876E /* Sources */,
				C9D7B17D1917AD2C00AB876E /* Frameworks */,
				C9D7B17E1917AD2C00AB876E /* CopyFiles */,
			);
			buildRules = (
			);
			dependencies = (
			);
			name = IsEqualTest;
			productName = IsEqualTest;
			productReference = C9D7B1801917AD2C00AB876E /* IsEqualTest */;
			productType = "com.apple.product-type.tool";
		};
/* End PBXNativeTarget section */

/* Begin PBXProject section */
		C9D7B1781917AD2C00AB876E /* Project object */ = {
			isa = PBXProject;
			attributes = {
				LastUpgradeCheck = 0510;
				ORGANIZATIONNAME = Maxim;
			};
			buildConfigurationList = C9D7B17B1917AD2C00AB876E /* Build configuration list for PBXProject "IsEqualTest" */;
			compatibilityVersion = "Xcode 3.2";
			developmentRegion = English;
			hasScannedForEncodings = 0;
			knownRegions = (
				en,
			);
			mainGroup = C9D7B1771917AD2C00AB876E;
			productRefGroup = C9D7B1811917AD2C00AB876E /* Products */;
			projectDirPath = "";
			projectRoot = "";
			targets = (
				C9D7B17F1917AD2C00AB876E /* IsEqualTest */,
			);
		};
/* End PBXProject section */

/* Begin PBXSourcesBuildPhase section */
		C9D7B17C1917AD2C00AB876E /* Sources */ = {
			isa = PBXSourcesBuildPhase;
			buildActionMask = 2147483647;
			files = (
				C9D7B1931917ADA700AB876E /* Car.m in Sources */,
				C9D7B1871917AD2C00AB876E /* main.m in Sources */,
			);
			runOnlyForDeploymentPostprocessing = 0;
		};
/* End PBXSourcesBuildPhase section */

/* Begin XCBuildConfiguration section */
		C9D7B18C1917AD2C00AB876E /* Debug */ = {
			isa = XCBuildConfiguration;
			buildSettings = {
				ALWAYS_SEARCH_USER_PATHS = NO;
				CLANG_CXX_LANGUAGE_STANDARD = "gnu++0x";
				CLANG_CXX_LIBRARY = "libc++";
				CLANG_ENABLE_MODULES = YES;
				CLANG_ENABLE_OBJC_ARC = YES;
				CLANG_WARN_BOOL_CONVERSION = YES;
				CLANG_WARN_CONSTANT_CONVERSION = YES;
				CLANG_WARN_DIRECT_OBJC_ISA_USAGE = YES_ERROR;
				CLANG_WARN_EMPTY_BODY = YES;
				CLANG_WARN_ENUM_CONVERSION = YES;
				CLANG_WARN_INT_CONVERSION = YES;
				CLANG_WARN_OBJC_ROOT_CLASS = YES_ERROR;
				CLANG_WARN__DUPLICATE_METHOD_MATCH = YES;
				COPY_PHASE_STRIP = NO;
				GCC_C_LANGUAGE_STANDARD = gnu99;
				GCC_DYNAMIC_NO_PIC = NO;
				GCC_ENABLE_OBJC_EXCEPTIONS = YES;
				GCC_OPTIMIZATION_LEVEL = 0;
				GCC_PREPROCESSOR_DEFINITIONS = (
					"DEBUG=1",
					"$(inherited)",
				);
				GCC_SYMBOLS_PRIVATE_EXTERN = NO;
				GCC_WARN_64_TO_32_BIT_CONVERSION = YES;
				GCC_WARN_ABOUT_RETURN_TYPE = YES_ERROR;
				GCC_WARN_UNDECLARED_SELECTOR = YES;
				GCC_WARN_UNINITIALIZED_AUTOS = YES_AGGRESSIVE;
				GCC_WARN_UNUSED_FUNCTION = YES;
				GCC_WARN_UNUSED_VARIABLE = YES;
				MACOSX_DEPLOYMENT_TARGET = 10.9;
				ONLY_ACTIVE_ARCH = YES;
				SDKROOT = macosx;
			};
			name = Debug;
		};
		C9D7B18D1917AD2C00AB876E /* Release */ = {
			isa = XCBuildConfiguration;
			buildSettings = {
				ALWAYS_SEARCH_USER_PATHS = NO;
				CLANG_CXX_LANGUAGE_STANDARD = "gnu++0x";
				CLANG_CXX_LIBRARY = "libc++";
				CLANG_ENABLE_MODULES = YES;
				CLANG_ENABLE_OBJC_ARC = YES;
				CLANG_WARN_BOOL_CONVERSION = YES;
				CLANG_WARN_CONSTANT_CONVERSION = YES;
				CLANG_WARN_DIRECT_OBJC_ISA_USAGE = YES_ERROR;
				CLANG_WARN_EMPTY_BODY = YES;
				CLANG_WARN_ENUM_CONVERSION = YES;
				CLANG_WARN_INT_CONVERSION = YES;
				CLANG_WARN_OBJC_ROOT_CLASS = YES_ERROR;
				CLANG_WARN__DUPLICATE_METHOD_MATCH = YES;
				COPY_PHASE_STRIP = YES;
				DEBUG_INFORMATION_FORMAT = "dwarf-with-dsym";
				ENABLE_NS_ASSERTIONS = NO;
				GCC_C_LANGUAGE_STANDARD = gnu99;
				GCC_ENABLE_OBJC_EXCEPTIONS = YES;
				GCC_WARN_64_TO_32_BIT_CONVERSION = YES;
				GCC_WARN_ABOUT_RETURN_TYPE = YES_ERROR;
				GCC_WARN_UNDECLARED_SELECTOR = YES;
				GCC_WARN_UNINITIALIZED_AUTOS = YES_AGGRESSIVE;
				GCC_WARN_UNUSED_FUNCTION = YES;
				GCC_WARN_UNUSED_VARIABLE = YES;
				MACOSX_DEPLOYMENT_TARGET = 10.9;
				SDKROOT = macosx;
			};
			name = Release;
		};
		C9D7B18F1917AD2C00AB876E /* Debug */ = {
			isa = XCBuildConfiguration;
			buildSettings = {
				GCC_PRECOMPILE_PREFIX_HEADER = YES;
				GCC_PREFIX_HEADER = "IsEqualTest/IsEqualTest-Prefix.pch";
				PRODUCT_NAME = "$(TARGET_NAME)";
			};
			name = Debug;
		};
		C9D7B1901917AD2C00AB876E /* Release */ = {
			isa = XCBuildConfiguration;
			buildSettings = {
				GCC_PRECOMPILE_PREFIX_HEADER = YES;
				GCC_PREFIX_HEADER = "IsEqualTest/IsEqualTest-Prefix.pch";
				PRODUCT_NAME = "$(TARGET_NAME)";
			};
			name = Release;
		};
/* End XCBuildConfiguration section */

/* Begin XCConfigurationList section */
		C9D7B17B1917AD2C00AB876E /* Build configuration list for PBXProject "IsEqualTest" */ = {
			isa = XCConfigurationList;
			buildConfigurations = (
				C9D7B18C1917AD2C00AB876E /* Debug */,
				C9D7B18D1917AD2C00AB876E /* Release */,
			);
			defaultConfigurationIsVisible = 0;
			defaultConfigurationName = Release;
		};
		C9D7B18E1917AD2C00AB876E /* Build configuration list for PBXNativeTarget "IsEqualTest" */ = {
			isa = XCConfigurationList;
			buildConfigurations = (
				C9D7B18F1917AD2C00AB876E /* Debug */,
				C9D7B1901917AD2C00AB876E /* Release */,
			);
			defaultConfigurationIsVisible = 0;
		};
/* End XCConfigurationList section */
	};
	rootObject = C9D7B1781917AD2C00AB876E /* Project object */;
}
